
Microsoft Visual Studio Solution File, Format Version 12.00
# Visual Studio 14
VisualStudioVersion = 14.0.22512.0
MinimumVisualStudioVersion = 10.0.40219.1
Project("{F2A71F9B-5D33-465A-A702-920D77279786}") = "SensorTestData", "SensorTestData\SensorTestData.fsproj", "{29303B29-25A2-428C-91F0-50D66DCA56D7}"
EndProject
Project("{2150E333-8FDC-42A3-9474-1A3956D46DE8}") = "Solution Items", "Solution Items", "{1449D92F-2C22-46A1-8033-C3FB05B5CC28}"
EndProject
Global
	GlobalSection(SolutionConfigurationPlatforms) = preSolution
		Debug|Any CPU = Debug|Any CPU
		Release|Any CPU = Release|Any CPU
	EndGlobalSection
	GlobalSection(ProjectConfigurationPlatforms) = postSolution
		{29303B29-25A2-428C-91F0-50D66DCA56D7}.Debug|Any CPU.ActiveCfg = Debug|Any CPU
		{29303B29-25A2-428C-91F0-50D66DCA56D7}.Debug|Any CPU.Build.0 = Debug|Any CPU
		{29303B29-25A2-428C-91F0-50D66DCA56D7}.Release|Any CPU.ActiveCfg = Release|Any CPU
		{29303B29-25A2-428C-91F0-50D66DCA56D7}.Release|Any CPU.Build.0 = Release|Any CPU
	EndGlobalSection
	GlobalSection(SolutionProperties) = preSolution
		HideSolutionNode = FALSE
	EndGlobalSection
EndGlobal
